
Microsoft Visual Studio Solution File, Format Version 12.00
# Visual Studio Version 17
VisualStudioVersion = 17.14.36121.58 d17.14
MinimumVisualStudioVersion = 10.0.40219.1
Project("{FAE04EC0-301F-11D3-BF4B-00C04F79EFBC}") = "gyakorloknshit", "gyakorloknshit.csproj", "{4086978E-1566-4DBD-9DE8-BD483C528557}"
EndProject
Global
	GlobalSection(SolutionConfigurationPlatforms) = preSolution
		Debug|Any CPU = Debug|Any CPU
		Release|Any CPU = Release|Any CPU
	EndGlobalSection
	GlobalSection(ProjectConfigurationPlatforms) = postSolution
		{4086978E-1566-4DBD-9DE8-BD483C528557}.Debug|Any CPU.ActiveCfg = Debug|Any CPU
		{4086978E-1566-4DBD-9DE8-BD483C528557}.Debug|Any CPU.Build.0 = Debug|Any CPU
		{4086978E-1566-4DBD-9DE8-BD483C528557}.Release|Any CPU.ActiveCfg = Release|Any CPU
		{4086978E-1566-4DBD-9DE8-BD483C528557}.Release|Any CPU.Build.0 = Release|Any CPU
	EndGlobalSection
	GlobalSection(SolutionProperties) = preSolution
		HideSolutionNode = FALSE
	EndGlobalSection
	GlobalSection(ExtensibilityGlobals) = postSolution
		SolutionGuid = {1BE43EEF-A61C-4DAC-9A17-39188736BC53}
	EndGlobalSection
EndGlobal
